
Microsoft Visual Studio Solution File, Format Version 12.00
# Visual Studio Version 17
VisualStudioVersion = 17.4.33213.308
MinimumVisualStudioVersion = 10.0.40219.1
Project("{FAE04EC0-301F-11D3-BF4B-00C04F79EFBC}") = "Laboratorio04.Android", "Laboratorio04\Laboratorio04.Android\Laboratorio04.Android.csproj", "{597C7BBC-E718-4049-B0A7-808F127F0E2D}"
EndProject
Project("{FAE04EC0-301F-11D3-BF4B-00C04F79EFBC}") = "Laboratorio04.iOS", "Laboratorio04\Laboratorio04.iOS\Laboratorio04.iOS.csproj", "{74A7BDC4-DFAF-49B9-8F53-8C66A90060A7}"
EndProject
Project("{FAE04EC0-301F-11D3-BF4B-00C04F79EFBC}") = "Laboratorio04", "Laboratorio04\Laboratorio04\Laboratorio04.csproj", "{4FA38087-E053-4588-B8A8-F303C88C5AA8}"
EndProject
Global
	GlobalSection(SolutionConfigurationPlatforms) = preSolution
		Debug|Any CPU = Debug|Any CPU
		Debug|iPhone = Debug|iPhone
		Debug|iPhoneSimulator = Debug|iPhoneSimulator
		Release|Any CPU = Release|Any CPU
		Release|iPhone = Release|iPhone
		Release|iPhoneSimulator = Release|iPhoneSimulator
	EndGlobalSection
	GlobalSection(ProjectConfigurationPlatforms) = postSolution
		{597C7BBC-E718-4049-B0A7-808F127F0E2D}.Debug|Any CPU.ActiveCfg = Debug|Any CPU
		{597C7BBC-E718-4049-B0A7-808F127F0E2D}.Debug|Any CPU.Build.0 = Debug|Any CPU
		{597C7BBC-E718-4049-B0A7-808F127F0E2D}.Debug|Any CPU.Deploy.0 = Debug|Any CPU
		{597C7BBC-E718-4049-B0A7-808F127F0E2D}.Debug|iPhone.ActiveCfg = Debug|Any CPU
		{597C7BBC-E718-4049-B0A7-808F127F0E2D}.Debug|iPhone.Build.0 = Debug|Any CPU
		{597C7BBC-E718-4049-B0A7-808F127F0E2D}.Debug|iPhone.Deploy.0 = Debug|Any CPU
		{597C7BBC-E718-4049-B0A7-808F127F0E2D}.Debug|iPhoneSimulator.ActiveCfg = Debug|Any CPU
		{597C7BBC-E718-4049-B0A7-808F127F0E2D}.Debug|iPhoneSimulator.Build.0 = Debug|Any CPU
		{597C7BBC-E718-4049-B0A7-808F127F0E2D}.Debug|iPhoneSimulator.Deploy.0 = Debug|Any CPU
		{597C7BBC-E718-4049-B0A7-808F127F0E2D}.Release|Any CPU.ActiveCfg = Release|Any CPU
		{597C7BBC-E718-4049-B0A7-808F127F0E2D}.Release|Any CPU.Build.0 = Release|Any CPU
		{597C7BBC-E718-4049-B0A7-808F127F0E2D}.Release|Any CPU.Deploy.0 = Release|Any CPU
		{597C7BBC-E718-4049-B0A7-808F127F0E2D}.Release|iPhone.ActiveCfg = Release|Any CPU
		{597C7BBC-E718-4049-B0A7-808F127F0E2D}.Release|iPhone.Build.0 = Release|Any CPU
		{597C7BBC-E718-4049-B0A7-808F127F0E2D}.Release|iPhone.Deploy.0 = Release|Any CPU
		{597C7BBC-E718-4049-B0A7-808F127F0E2D}.Release|iPhoneSimulator.ActiveCfg = Release|Any CPU
		{597C7BBC-E718-4049-B0A7-808F127F0E2D}.Release|iPhoneSimulator.Build.0 = Release|Any CPU
		{597C7BBC-E718-4049-B0A7-808F127F0E2D}.Release|iPhoneSimulator.Deploy.0 = Release|Any CPU
		{74A7BDC4-DFAF-49B9-8F53-8C66A90060A7}.Debug|Any CPU.ActiveCfg = Debug|iPhone
		{74A7BDC4-DFAF-49B9-8F53-8C66A90060A7}.Debug|Any CPU.Build.0 = Debug|iPhone
		{74A7BDC4-DFAF-49B9-8F53-8C66A90060A7}.Debug|Any CPU.Deploy.0 = Debug|iPhone
		{74A7BDC4-DFAF-49B9-8F53-8C66A90060A7}.Debug|iPhone.ActiveCfg = Debug|iPhone
		{74A7BDC4-DFAF-49B9-8F53-8C66A90060A7}.Debug|iPhone.Build.0 = Debug|iPhone
		{74A7BDC4-DFAF-49B9-8F53-8C66A90060A7}.Debug|iPhone.Deploy.0 = Debug|iPhone
		{74A7BDC4-DFAF-49B9-8F53-8C66A90060A7}.Debug|iPhoneSimulator.ActiveCfg = Debug|iPhoneSimulator
		{74A7BDC4-DFAF-49B9-8F53-8C66A90060A7}.Debug|iPhoneSimulator.Build.0 = Debug|iPhoneSimulator
		{74A7BDC4-DFAF-49B9-8F53-8C66A90060A7}.Debug|iPhoneSimulator.Deploy.0 = Debug|iPhoneSimulator
		{74A7BDC4-DFAF-49B9-8F53-8C66A90060A7}.Release|Any CPU.ActiveCfg = Release|iPhoneSimulator
		{74A7BDC4-DFAF-49B9-8F53-8C66A90060A7}.Release|Any CPU.Build.0 = Release|iPhoneSimulator
		{74A7BDC4-DFAF-49B9-8F53-8C66A90060A7}.Release|Any CPU.Deploy.0 = Release|iPhoneSimulator
		{74A7BDC4-DFAF-49B9-8F53-8C66A90060A7}.Release|iPhone.ActiveCfg = Release|iPhone
		{74A7BDC4-DFAF-49B9-8F53-8C66A90060A7}.Release|iPhone.Build.0 = Release|iPhone
		{74A7BDC4-DFAF-49B9-8F53-8C66A90060A7}.Release|iPhone.Deploy.0 = Release|iPhone
		{74A7BDC4-DFAF-49B9-8F53-8C66A90060A7}.Release|iPhoneSimulator.ActiveCfg = Release|iPhoneSimulator
		{74A7BDC4-DFAF-49B9-8F53-8C66A90060A7}.Release|iPhoneSimulator.Build.0 = Release|iPhoneSimulator
		{74A7BDC4-DFAF-49B9-8F53-8C66A90060A7}.Release|iPhoneSimulator.Deploy.0 = Release|iPhoneSimulator
		{4FA38087-E053-4588-B8A8-F303C88C5AA8}.Debug|Any CPU.ActiveCfg = Debug|Any CPU
		{4FA38087-E053-4588-B8A8-F303C88C5AA8}.Debug|Any CPU.Build.0 = Debug|Any CPU
		{4FA38087-E053-4588-B8A8-F303C88C5AA8}.Debug|Any CPU.Deploy.0 = Debug|Any CPU
		{4FA38087-E053-4588-B8A8-F303C88C5AA8}.Debug|iPhone.ActiveCfg = Debug|Any CPU
		{4FA38087-E053-4588-B8A8-F303C88C5AA8}.Debug|iPhone.Build.0 = Debug|Any CPU
		{4FA38087-E053-4588-B8A8-F303C88C5AA8}.Debug|iPhone.Deploy.0 = Debug|Any CPU
		{4FA38087-E053-4588-B8A8-F303C88C5AA8}.Debug|iPhoneSimulator.ActiveCfg = Debug|Any CPU
		{4FA38087-E053-4588-B8A8-F303C88C5AA8}.Debug|iPhoneSimulator.Build.0 = Debug|Any CPU
		{4FA38087-E053-4588-B8A8-F303C88C5AA8}.Debug|iPhoneSimulator.Deploy.0 = Debug|Any CPU
		{4FA38087-E053-4588-B8A8-F303C88C5AA8}.Release|Any CPU.ActiveCfg = Release|Any CPU
		{4FA38087-E053-4588-B8A8-F303C88C5AA8}.Release|Any CPU.Build.0 = Release|Any CPU
		{4FA38087-E053-4588-B8A8-F303C88C5AA8}.Release|Any CPU.Deploy.0 = Release|Any CPU
		{4FA38087-E053-4588-B8A8-F303C88C5AA8}.Release|iPhone.ActiveCfg = Release|Any CPU
		{4FA38087-E053-4588-B8A8-F303C88C5AA8}.Release|iPhone.Build.0 = Release|Any CPU
		{4FA38087-E053-4588-B8A8-F303C88C5AA8}.Release|iPhone.Deploy.0 = Release|Any CPU
		{4FA38087-E053-4588-B8A8-F303C88C5AA8}.Release|iPhoneSimulator.ActiveCfg = Release|Any CPU
		{4FA38087-E053-4588-B8A8-F303C88C5AA8}.Release|iPhoneSimulator.Build.0 = Release|Any CPU
		{4FA38087-E053-4588-B8A8-F303C88C5AA8}.Release|iPhoneSimulator.Deploy.0 = Release|Any CPU
	EndGlobalSection
	GlobalSection(SolutionProperties) = preSolution
		HideSolutionNode = FALSE
	EndGlobalSection
	GlobalSection(ExtensibilityGlobals) = postSolution
		SolutionGuid = {E4135429-2009-464C-8999-29AEDB21E8AB}
	EndGlobalSection
EndGlobal
